// !$*UTF8*$!
{
	archiveVersion = 1;
	classes = {
	};
	objectVersion = 46;
	objects = {
/* Begin PBXBuildFile section */
		0207DA581B56EA530066E2B4 /* Images.xcassets in Resources */ = {isa = PBXBuildFile; fileRef = 0207DA571B56EA530066E2B4 /* Images.xcassets */; };
		1D3623260D0F684500981E51 /* AppDelegate.m in Sources */ = {isa = PBXBuildFile; fileRef = 1D3623250D0F684500981E51 /* AppDelegate.m */; };
		1D60589B0D05DD56006BFB54 /* main.m in Sources */ = {isa = PBXBuildFile; fileRef = 29B97316FDCFA39411CA2CEA /* main.m */; };
		301BF552109A68D80062928A /* libCordova.a in Frameworks */ = {isa = PBXBuildFile; fileRef = 301BF535109A57CC0062928A /* libCordova.a */; };
		302D95F114D2391D003F00A1 /* MainViewController.m in Sources */ = {isa = PBXBuildFile; fileRef = 302D95EF14D2391D003F00A1 /* MainViewController.m */; };
		302D95F214D2391D003F00A1 /* MainViewController.xib in Resources */ = {isa = PBXBuildFile; fileRef = 302D95F014D2391D003F00A1 /* MainViewController.xib */; };
		3047A5121AB8059700498E2A /* build-debug.xcconfig in Resources */ = {isa = PBXBuildFile; fileRef = 3047A50F1AB8059700498E2A /* build-debug.xcconfig */; };
		3047A5131AB8059700498E2A /* build-release.xcconfig in Resources */ = {isa = PBXBuildFile; fileRef = 3047A5101AB8059700498E2A /* build-release.xcconfig */; };
		3047A5141AB8059700498E2A /* build.xcconfig in Resources */ = {isa = PBXBuildFile; fileRef = 3047A5111AB8059700498E2A /* build.xcconfig */; };
		6AFF5BF91D6E424B00AB3073 /* CDVLaunchScreen.storyboard in Resources */ = {isa = PBXBuildFile; fileRef = 6AFF5BF81D6E424B00AB3073 /* CDVLaunchScreen.storyboard */; };
		6EC997D97C4E42958C7502E0 /* CDVBattery.m in Sources */ = {isa = PBXBuildFile; fileRef = 376D1006AEE74611A430FEF1 /* CDVBattery.m */; };
		6B84ACF626924D6E878456A2 /* UIImage+CropScaleOrientation.m in Sources */ = {isa = PBXBuildFile; fileRef = F70E2207A8504D119DB1F165 /* UIImage+CropScaleOrientation.m */; };
		F7EBB72784C24200908C18FA /* CDVCamera.m in Sources */ = {isa = PBXBuildFile; fileRef = EE488250D540407FB37DD12B /* CDVCamera.m */; };
		D581B5CBC3774A549E6AA874 /* CDVJpegHeaderWriter.m in Sources */ = {isa = PBXBuildFile; fileRef = DA911C55141C4C259BB6C474 /* CDVJpegHeaderWriter.m */; };
		A42641A2156F463CB3E2055D /* ImageIO.framework in Frameworks */ = {isa = PBXBuildFile; fileRef = 4DA06F05850F4E4C9B89C814 /* ImageIO.framework */; settings = {ATTRIBUTES = (Weak, ); }; };
		BE1DFBC4AA3D40C389746A73 /* CoreLocation.framework in Frameworks */ = {isa = PBXBuildFile; fileRef = 6DD60C170F5A4F80A02BC67B /* CoreLocation.framework */; };
		2FCAD9DB5ADB42CD82F4479D /* AVFoundation.framework in Frameworks */ = {isa = PBXBuildFile; fileRef = BBA1D54C21EA4D2982AE2F3B /* AVFoundation.framework */; };
		B5DEEE08CAEE450AA3A54996 /* CDVLogger.m in Sources */ = {isa = PBXBuildFile; fileRef = B6A355D4383F4B11A5CCEB5F /* CDVLogger.m */; };
		76FFF82B3D3E4775988B36E0 /* CDVContacts.m in Sources */ = {isa = PBXBuildFile; fileRef = 2416F28F50ED46718E834962 /* CDVContacts.m */; };
		75D63D65F9FE48F69D906489 /* CDVContact.m in Sources */ = {isa = PBXBuildFile; fileRef = BFC539F548A14166995211A3 /* CDVContact.m */; };
		1E0A95C99C094B708D0DAB89 /* AddressBook.framework in Frameworks */ = {isa = PBXBuildFile; fileRef = FE1E09989C124DB4B9194EBB /* AddressBook.framework */; settings = {ATTRIBUTES = (Weak, ); }; };
		49E2D78195994AF7BD89AD14 /* AddressBookUI.framework in Frameworks */ = {isa = PBXBuildFile; fileRef = F7038792EBE9447680AFCEB9 /* AddressBookUI.framework */; settings = {ATTRIBUTES = (Weak, ); }; };
		46D8745052104CF6BC7A754B /* CDVDevice.m in Sources */ = {isa = PBXBuildFile; fileRef = 5AC0DCF3F74F444DA72BF697 /* CDVDevice.m */; };
		9220E25434834CB98D136F59 /* libz.tbd in Frameworks */ = {isa = PBXBuildFile; fileRef = 5B5DC4B9D3C44CD082A217B3 /* libz.tbd */; };
		1A342CC9E0B34C4AAAD98AA8 /* CDVAccelerometer.m in Sources */ = {isa = PBXBuildFile; fileRef = F1530A6527464B0A80B362E2 /* CDVAccelerometer.m */; };
		CA9FF4A1ECE749C7AB4CBEAE /* CoreMotion.framework in Frameworks */ = {isa = PBXBuildFile; fileRef = 0CBE65D123124EAD8664CCF1 /* CoreMotion.framework */; };
		39FF84F4C7FC43C1AC896901 /* CDVCompass.m in Sources */ = {isa = PBXBuildFile; fileRef = B4688AC234E54EF18B2FB330 /* CDVCompass.m */; };
		ED283226EEC643F3AE333BFA /* CDVNotification.m in Sources */ = {isa = PBXBuildFile; fileRef = 7B214C59CF71481D9DDB7A52 /* CDVNotification.m */; };
		CF2854E83B8D42449FCA5360 /* CDVNotification.bundle in Resources */ = {isa = PBXBuildFile; fileRef = BAC16C1902014DC7A903344D /* CDVNotification.bundle */; };
		1D8613BD3A2A469888B73F73 /* AudioToolbox.framework in Frameworks */ = {isa = PBXBuildFile; fileRef = 60552FC0D9B342B6AE22E9F9 /* AudioToolbox.framework */; settings = {ATTRIBUTES = (Weak, ); }; };
		6F4911C2E95748349B7A5DC9 /* CDVFile.m in Sources */ = {isa = PBXBuildFile; fileRef = 55CD734F83B3486C837004FB /* CDVFile.m */; };
		AB7304AABC0F47D9828C5B24 /* CDVLocalFilesystem.m in Sources */ = {isa = PBXBuildFile; fileRef = 7AA7505C163D46CA85A6349C /* CDVLocalFilesystem.m */; };
		E8DD997D710C432CADF830E6 /* CDVAssetLibraryFilesystem.m in Sources */ = {isa = PBXBuildFile; fileRef = 35603FC0287141BAB2425561 /* CDVAssetLibraryFilesystem.m */; };
		76C3275DEA2746B6A0B901F6 /* CDVFileTransfer.m in Sources */ = {isa = PBXBuildFile; fileRef = 912E761915EB415795BDCB67 /* CDVFileTransfer.m */; };
		7CCCEEF05ED8404180A30018 /* CDVLocation.m in Sources */ = {isa = PBXBuildFile; fileRef = E14A5141C3EC464091242532 /* CDVLocation.m */; };
		95041E969F724F2A8700A921 /* CDVGlobalization.m in Sources */ = {isa = PBXBuildFile; fileRef = 245C9072B1064845AB9D578F /* CDVGlobalization.m */; };
		3B62884152444177B9F84418 /* CDVInAppBrowser.m in Sources */ = {isa = PBXBuildFile; fileRef = A6977FC474524BD8901F052D /* CDVInAppBrowser.m */; };
		79D8599F8BA84E90922BF2D9 /* CDVSound.m in Sources */ = {isa = PBXBuildFile; fileRef = B897C7C0936143ADA1D6FC00 /* CDVSound.m */; };
		7369033446904E828A6D0027 /* CDVCapture.m in Sources */ = {isa = PBXBuildFile; fileRef = F7DAD6E6542145DA85DC92C8 /* CDVCapture.m */; };
		68E08CE38D1844B19108E0C9 /* CDVCapture.bundle in Resources */ = {isa = PBXBuildFile; fileRef = AC8FE3435CD643C2A907A957 /* CDVCapture.bundle */; };
		531C152D82DD440ABDE06B71 /* CDVConnection.m in Sources */ = {isa = PBXBuildFile; fileRef = 1D81C2C7C82341F4A1B72098 /* CDVConnection.m */; };
		8094C5AE41EB4831AE169A51 /* CDVReachability.m in Sources */ = {isa = PBXBuildFile; fileRef = 118F656B0F64483B82E2A610 /* CDVReachability.m */; };
		3665AD06E5AF41FFADD55A82 /* SystemConfiguration.framework in Frameworks */ = {isa = PBXBuildFile; fileRef = A2AB45BCAF804FC5B3238831 /* SystemConfiguration.framework */; settings = {ATTRIBUTES = (Weak, ); }; };
		338C739A225A4E7A9152D9FE /* CoreTelephony.framework in Frameworks */ = {isa = PBXBuildFile; fileRef = 8D5FE2D38DA64179BD4CC081 /* CoreTelephony.framework */; };
		F38D156A5FFB47439063F9D5 /* CDVSplashScreen.m in Sources */ = {isa = PBXBuildFile; fileRef = 6B6EC562E194489CAB98D972 /* CDVSplashScreen.m */; };
		224BEFA87EE741F485BCEA17 /* CDVViewController+SplashScreen.m in Sources */ = {isa = PBXBuildFile; fileRef = C8D8AE19963F417F8DA814BE /* CDVViewController+SplashScreen.m */; };
		2674050F574A4BA49B73FC24 /* CDVStatusBar.m in Sources */ = {isa = PBXBuildFile; fileRef = 531A9FC729684531BB595DE5 /* CDVStatusBar.m */; };
		9DABA62871544EF7893C3B06 /* CDVVibration.m in Sources */ = {isa = PBXBuildFile; fileRef = 93F862EC1C874CF6B3F52C79 /* CDVVibration.m */; };
/* End PBXBuildFile section */

/* Begin PBXContainerItemProxy section */
		301BF534109A57CC0062928A /* PBXContainerItemProxy */ = {
			isa = PBXContainerItemProxy;
			containerPortal = 301BF52D109A57CC0062928A /* CordovaLib.xcodeproj */;
			proxyType = 2;
			remoteGlobalIDString = D2AAC07E0554694100DB518D;
			remoteInfo = CordovaLib;
		};
		301BF550109A68C00062928A /* PBXContainerItemProxy */ = {
			isa = PBXContainerItemProxy;
			containerPortal = 301BF52D109A57CC0062928A /* CordovaLib.xcodeproj */;
			proxyType = 1;
			remoteGlobalIDString = D2AAC07D0554694100DB518D;
			remoteInfo = CordovaLib;
		};
/* End PBXContainerItemProxy section */

/* Begin PBXFileReference section */
		0207DA571B56EA530066E2B4 /* Images.xcassets */ = {isa = PBXFileReference; lastKnownFileType = folder.assetcatalog; name = Images.xcassets; path = "BRestaurant/Images.xcassets"; sourceTree = SOURCE_ROOT; };
		1D3623240D0F684500981E51 /* AppDelegate.h */ = {isa = PBXFileReference; fileEncoding = 4; lastKnownFileType = sourcecode.c.h; path = AppDelegate.h; sourceTree = "<group>"; };
		1D3623250D0F684500981E51 /* AppDelegate.m */ = {isa = PBXFileReference; fileEncoding = 4; lastKnownFileType = sourcecode.c.objc; path = AppDelegate.m; sourceTree = "<group>"; };
		1D6058910D05DD3D006BFB54 /* BRestaurant.app */ = {isa = PBXFileReference; explicitFileType = wrapper.application; includeInIndex = 0; path = "BRestaurant.app"; sourceTree = BUILT_PRODUCTS_DIR; };
		29B97316FDCFA39411CA2CEA /* main.m */ = {isa = PBXFileReference; fileEncoding = 4; lastKnownFileType = sourcecode.c.objc; path = main.m; sourceTree = "<group>"; };
		301BF52D109A57CC0062928A /* CordovaLib.xcodeproj */ = {isa = PBXFileReference; lastKnownFileType = "wrapper.pb-project"; name = CordovaLib.xcodeproj; path = CordovaLib/CordovaLib.xcodeproj; sourceTree = "<group>"; };
		301BF56E109A69640062928A /* www */ = {isa = PBXFileReference; lastKnownFileType = folder; path = www; sourceTree = SOURCE_ROOT; };
		302D95EE14D2391D003F00A1 /* MainViewController.h */ = {isa = PBXFileReference; fileEncoding = 4; lastKnownFileType = sourcecode.c.h; path = MainViewController.h; sourceTree = "<group>"; };
		302D95EF14D2391D003F00A1 /* MainViewController.m */ = {isa = PBXFileReference; fileEncoding = 4; lastKnownFileType = sourcecode.c.objc; path = MainViewController.m; sourceTree = "<group>"; };
		302D95F014D2391D003F00A1 /* MainViewController.xib */ = {isa = PBXFileReference; fileEncoding = 4; lastKnownFileType = file.xib; path = MainViewController.xib; sourceTree = "<group>"; };
		3047A50F1AB8059700498E2A /* build-debug.xcconfig */ = {isa = PBXFileReference; fileEncoding = 4; lastKnownFileType = text.xcconfig; name = "build-debug.xcconfig"; path = cordova/build-debug.xcconfig; sourceTree = SOURCE_ROOT; };
		3047A5101AB8059700498E2A /* build-release.xcconfig */ = {isa = PBXFileReference; fileEncoding = 4; lastKnownFileType = text.xcconfig; name = "build-release.xcconfig"; path = cordova/build-release.xcconfig; sourceTree = SOURCE_ROOT; };
		3047A5111AB8059700498E2A /* build.xcconfig */ = {isa = PBXFileReference; fileEncoding = 4; lastKnownFileType = text.xcconfig; name = build.xcconfig; path = cordova/build.xcconfig; sourceTree = SOURCE_ROOT; };
		32CA4F630368D1EE00C91783 /* BRestaurant-Prefix.pch */ = {isa = PBXFileReference; fileEncoding = 4; lastKnownFileType = sourcecode.c.h; path = "BRestaurant-Prefix.pch"; sourceTree = "<group>"; };
		6AFF5BF81D6E424B00AB3073 /* CDVLaunchScreen.storyboard */ = {isa = PBXFileReference; fileEncoding = 4; lastKnownFileType = file.storyboard; name = CDVLaunchScreen.storyboard; path = "BRestaurant/CDVLaunchScreen.storyboard"; sourceTree = SOURCE_ROOT; };
		8D1107310486CEB800E47090 /* BRestaurant-Info.plist */ = {isa = PBXFileReference; fileEncoding = 4; lastKnownFileType = text.plist.xml; name = "BRestaurant-Info.plist"; path = "BRestaurant/BRestaurant-Info.plist"; plistStructureDefinitionIdentifier = "com.apple.xcode.plist.structure-definition.iphone.info-plist"; sourceTree = SOURCE_ROOT; };
		EB87FDF31871DA8E0020F90C /* www */ = {isa = PBXFileReference; lastKnownFileType = folder; name = www; path = ../../www; sourceTree = "<group>"; };
		EB87FDF41871DAF40020F90C /* config.xml */ = {isa = PBXFileReference; lastKnownFileType = text.xml; name = config.xml; path = ../../config.xml; sourceTree = "<group>"; };
		F840E1F0165FE0F500CFE078 /* config.xml */ = {isa = PBXFileReference; lastKnownFileType = text.xml; name = config.xml; path = "BRestaurant/config.xml"; sourceTree = "<group>"; };
		ED33DF2A687741AEAF9F8254 /* Bridging-Header.h */ = {isa = PBXFileReference; fileEncoding = 4; lastKnownFileType = sourcecode.c.h; name = "Bridging-Header.h"; path = "Bridging-Header.h"; sourceTree = "<group>"; };
		376D1006AEE74611A430FEF1 /* CDVBattery.m */ = {isa = PBXFileReference; name = "CDVBattery.m"; path = "cordova-plugin-battery-status/CDVBattery.m"; sourceTree = "<group>"; fileEncoding = 4; lastKnownFileType = sourcecode.c.objc; explicitFileType = undefined; includeInIndex = 0; };
		82EF8EBBF05B49A3B1CDEF48 /* CDVBattery.h */ = {isa = PBXFileReference; name = "CDVBattery.h"; path = "cordova-plugin-battery-status/CDVBattery.h"; sourceTree = "<group>"; fileEncoding = 4; lastKnownFileType = sourcecode.c.h; explicitFileType = undefined; includeInIndex = 0; };
		F70E2207A8504D119DB1F165 /* UIImage+CropScaleOrientation.m */ = {isa = PBXFileReference; name = "UIImage+CropScaleOrientation.m"; path = "cordova-plugin-camera/UIImage+CropScaleOrientation.m"; sourceTree = "<group>"; fileEncoding = 4; lastKnownFileType = sourcecode.c.objc; explicitFileType = undefined; includeInIndex = 0; };
		EE488250D540407FB37DD12B /* CDVCamera.m */ = {isa = PBXFileReference; name = "CDVCamera.m"; path = "cordova-plugin-camera/CDVCamera.m"; sourceTree = "<group>"; fileEncoding = 4; lastKnownFileType = sourcecode.c.objc; explicitFileType = undefined; includeInIndex = 0; };
		DA911C55141C4C259BB6C474 /* CDVJpegHeaderWriter.m */ = {isa = PBXFileReference; name = "CDVJpegHeaderWriter.m"; path = "cordova-plugin-camera/CDVJpegHeaderWriter.m"; sourceTree = "<group>"; fileEncoding = 4; lastKnownFileType = sourcecode.c.objc; explicitFileType = undefined; includeInIndex = 0; };
		9479CB075CB14CB48291FDCE /* UIImage+CropScaleOrientation.h */ = {isa = PBXFileReference; name = "UIImage+CropScaleOrientation.h"; path = "cordova-plugin-camera/UIImage+CropScaleOrientation.h"; sourceTree = "<group>"; fileEncoding = 4; lastKnownFileType = sourcecode.c.h; explicitFileType = undefined; includeInIndex = 0; };
		E729D37C5E894051A552C900 /* CDVCamera.h */ = {isa = PBXFileReference; name = "CDVCamera.h"; path = "cordova-plugin-camera/CDVCamera.h"; sourceTree = "<group>"; fileEncoding = 4; lastKnownFileType = sourcecode.c.h; explicitFileType = undefined; includeInIndex = 0; };
		A5C08594016A41989D793B73 /* CDVJpegHeaderWriter.h */ = {isa = PBXFileReference; name = "CDVJpegHeaderWriter.h"; path = "cordova-plugin-camera/CDVJpegHeaderWriter.h"; sourceTree = "<group>"; fileEncoding = 4; lastKnownFileType = sourcecode.c.h; explicitFileType = undefined; includeInIndex = 0; };
		FC32F1D623744E3C9C915620 /* CDVExif.h */ = {isa = PBXFileReference; name = "CDVExif.h"; path = "cordova-plugin-camera/CDVExif.h"; sourceTree = "<group>"; fileEncoding = 4; lastKnownFileType = sourcecode.c.h; explicitFileType = undefined; includeInIndex = 0; };
		4DA06F05850F4E4C9B89C814 /* ImageIO.framework */ = {isa = PBXFileReference; name = "ImageIO.framework"; path = "System/Library/Frameworks/ImageIO.framework"; sourceTree = SDKROOT; fileEncoding = undefined; lastKnownFileType = wrapper.framework; explicitFileType = undefined; includeInIndex = 0; };
		6DD60C170F5A4F80A02BC67B /* CoreLocation.framework */ = {isa = PBXFileReference; name = "CoreLocation.framework"; path = "System/Library/Frameworks/CoreLocation.framework"; sourceTree = SDKROOT; fileEncoding = undefined; lastKnownFileType = wrapper.framework; explicitFileType = undefined; includeInIndex = 0; };
		BBA1D54C21EA4D2982AE2F3B /* AVFoundation.framework */ = {isa = PBXFileReference; name = "AVFoundation.framework"; path = "System/Library/Frameworks/AVFoundation.framework"; sourceTree = SDKROOT; fileEncoding = undefined; lastKnownFileType = wrapper.framework; explicitFileType = undefined; includeInIndex = 0; };
		B6A355D4383F4B11A5CCEB5F /* CDVLogger.m */ = {isa = PBXFileReference; name = "CDVLogger.m"; path = "cordova-plugin-console/CDVLogger.m"; sourceTree = "<group>"; fileEncoding = 4; lastKnownFileType = sourcecode.c.objc; explicitFileType = undefined; includeInIndex = 0; };
		A3B9828585FE4BE38802D00C /* CDVLogger.h */ = {isa = PBXFileReference; name = "CDVLogger.h"; path = "cordova-plugin-console/CDVLogger.h"; sourceTree = "<group>"; fileEncoding = 4; lastKnownFileType = sourcecode.c.h; explicitFileType = undefined; includeInIndex = 0; };
		2416F28F50ED46718E834962 /* CDVContacts.m */ = {isa = PBXFileReference; name = "CDVContacts.m"; path = "cordova-plugin-contacts/CDVContacts.m"; sourceTree = "<group>"; fileEncoding = 4; lastKnownFileType = sourcecode.c.objc; explicitFileType = undefined; includeInIndex = 0; };
		BFC539F548A14166995211A3 /* CDVContact.m */ = {isa = PBXFileReference; name = "CDVContact.m"; path = "cordova-plugin-contacts/CDVContact.m"; sourceTree = "<group>"; fileEncoding = 4; lastKnownFileType = sourcecode.c.objc; explicitFileType = undefined; includeInIndex = 0; };
		D475A4AEB520402A85790071 /* CDVContacts.h */ = {isa = PBXFileReference; name = "CDVContacts.h"; path = "cordova-plugin-contacts/CDVContacts.h"; sourceTree = "<group>"; fileEncoding = 4; lastKnownFileType = sourcecode.c.h; explicitFileType = undefined; includeInIndex = 0; };
		5A81B146222A4CE2812EEF6F /* CDVContact.h */ = {isa = PBXFileReference; name = "CDVContact.h"; path = "cordova-plugin-contacts/CDVContact.h"; sourceTree = "<group>"; fileEncoding = 4; lastKnownFileType = sourcecode.c.h; explicitFileType = undefined; includeInIndex = 0; };
		FE1E09989C124DB4B9194EBB /* AddressBook.framework */ = {isa = PBXFileReference; name = "AddressBook.framework"; path = "System/Library/Frameworks/AddressBook.framework"; sourceTree = SDKROOT; fileEncoding = undefined; lastKnownFileType = wrapper.framework; explicitFileType = undefined; includeInIndex = 0; };
		F7038792EBE9447680AFCEB9 /* AddressBookUI.framework */ = {isa = PBXFileReference; name = "AddressBookUI.framework"; path = "System/Library/Frameworks/AddressBookUI.framework"; sourceTree = SDKROOT; fileEncoding = undefined; lastKnownFileType = wrapper.framework; explicitFileType = undefined; includeInIndex = 0; };
		5AC0DCF3F74F444DA72BF697 /* CDVDevice.m */ = {isa = PBXFileReference; name = "CDVDevice.m"; path = "cordova-plugin-device/CDVDevice.m"; sourceTree = "<group>"; fileEncoding = 4; lastKnownFileType = sourcecode.c.objc; explicitFileType = undefined; includeInIndex = 0; };
		FF35257D4D2A49EF8C955D3F /* CDVDevice.h */ = {isa = PBXFileReference; name = "CDVDevice.h"; path = "cordova-plugin-device/CDVDevice.h"; sourceTree = "<group>"; fileEncoding = 4; lastKnownFileType = sourcecode.c.h; explicitFileType = undefined; includeInIndex = 0; };
		5B5DC4B9D3C44CD082A217B3 /* libz.tbd */ = {isa = PBXFileReference; name = "libz.tbd"; path = "usr/lib/libz.tbd"; sourceTree = SDKROOT; fileEncoding = undefined; lastKnownFileType = sourcecode.text-based-dylib-definition; explicitFileType = undefined; includeInIndex = 0; };
		F1530A6527464B0A80B362E2 /* CDVAccelerometer.m */ = {isa = PBXFileReference; name = "CDVAccelerometer.m"; path = "cordova-plugin-device-motion/CDVAccelerometer.m"; sourceTree = "<group>"; fileEncoding = 4; lastKnownFileType = sourcecode.c.objc; explicitFileType = undefined; includeInIndex = 0; };
		CD75A592FFF64ED4873130EE /* CDVAccelerometer.h */ = {isa = PBXFileReference; name = "CDVAccelerometer.h"; path = "cordova-plugin-device-motion/CDVAccelerometer.h"; sourceTree = "<group>"; fileEncoding = 4; lastKnownFileType = sourcecode.c.h; explicitFileType = undefined; includeInIndex = 0; };
		0CBE65D123124EAD8664CCF1 /* CoreMotion.framework */ = {isa = PBXFileReference; name = "CoreMotion.framework"; path = "System/Library/Frameworks/CoreMotion.framework"; sourceTree = SDKROOT; fileEncoding = undefined; lastKnownFileType = wrapper.framework; explicitFileType = undefined; includeInIndex = 0; };
		B4688AC234E54EF18B2FB330 /* CDVCompass.m */ = {isa = PBXFileReference; name = "CDVCompass.m"; path = "cordova-plugin-device-orientation/CDVCompass.m"; sourceTree = "<group>"; fileEncoding = 4; lastKnownFileType = sourcecode.c.objc; explicitFileType = undefined; includeInIndex = 0; };
		360719D6E5994A878EE650AA /* CDVCompass.h */ = {isa = PBXFileReference; name = "CDVCompass.h"; path = "cordova-plugin-device-orientation/CDVCompass.h"; sourceTree = "<group>"; fileEncoding = 4; lastKnownFileType = sourcecode.c.h; explicitFileType = undefined; includeInIndex = 0; };
		7B214C59CF71481D9DDB7A52 /* CDVNotification.m */ = {isa = PBXFileReference; name = "CDVNotification.m"; path = "cordova-plugin-dialogs/CDVNotification.m"; sourceTree = "<group>"; fileEncoding = 4; lastKnownFileType = sourcecode.c.objc; explicitFileType = undefined; includeInIndex = 0; };
		A718B8EB49F34FDA9144702E /* CDVNotification.h */ = {isa = PBXFileReference; name = "CDVNotification.h"; path = "cordova-plugin-dialogs/CDVNotification.h"; sourceTree = "<group>"; fileEncoding = 4; lastKnownFileType = sourcecode.c.h; explicitFileType = undefined; includeInIndex = 0; };
		BAC16C1902014DC7A903344D /* CDVNotification.bundle */ = {isa = PBXFileReference; name = "CDVNotification.bundle"; path = "CDVNotification.bundle"; sourceTree = "<group>"; fileEncoding = undefined; lastKnownFileType = wrapper.plug-in; explicitFileType = undefined; includeInIndex = 0; };
		60552FC0D9B342B6AE22E9F9 /* AudioToolbox.framework */ = {isa = PBXFileReference; name = "AudioToolbox.framework"; path = "System/Library/Frameworks/AudioToolbox.framework"; sourceTree = SDKROOT; fileEncoding = undefined; lastKnownFileType = wrapper.framework; explicitFileType = undefined; includeInIndex = 0; };
		55CD734F83B3486C837004FB /* CDVFile.m */ = {isa = PBXFileReference; name = "CDVFile.m"; path = "cordova-plugin-file/CDVFile.m"; sourceTree = "<group>"; fileEncoding = 4; lastKnownFileType = sourcecode.c.objc; explicitFileType = undefined; includeInIndex = 0; };
		7AA7505C163D46CA85A6349C /* CDVLocalFilesystem.m */ = {isa = PBXFileReference; name = "CDVLocalFilesystem.m"; path = "cordova-plugin-file/CDVLocalFilesystem.m"; sourceTree = "<group>"; fileEncoding = 4; lastKnownFileType = sourcecode.c.objc; explicitFileType = undefined; includeInIndex = 0; };
		35603FC0287141BAB2425561 /* CDVAssetLibraryFilesystem.m */ = {isa = PBXFileReference; name = "CDVAssetLibraryFilesystem.m"; path = "cordova-plugin-file/CDVAssetLibraryFilesystem.m"; sourceTree = "<group>"; fileEncoding = 4; lastKnownFileType = sourcecode.c.objc; explicitFileType = undefined; includeInIndex = 0; };
		73CF691DA3A74DDCA955675A /* CDVFile.h */ = {isa = PBXFileReference; name = "CDVFile.h"; path = "cordova-plugin-file/CDVFile.h"; sourceTree = "<group>"; fileEncoding = 4; lastKnownFileType = sourcecode.c.h; explicitFileType = undefined; includeInIndex = 0; };
		0F5733D1A53D4BF0B943F473 /* CDVLocalFilesystem.h */ = {isa = PBXFileReference; name = "CDVLocalFilesystem.h"; path = "cordova-plugin-file/CDVLocalFilesystem.h"; sourceTree = "<group>"; fileEncoding = 4; lastKnownFileType = sourcecode.c.h; explicitFileType = undefined; includeInIndex = 0; };
		01678DC742D6402981147090 /* CDVAssetLibraryFilesystem.h */ = {isa = PBXFileReference; name = "CDVAssetLibraryFilesystem.h"; path = "cordova-plugin-file/CDVAssetLibraryFilesystem.h"; sourceTree = "<group>"; fileEncoding = 4; lastKnownFileType = sourcecode.c.h; explicitFileType = undefined; includeInIndex = 0; };
		912E761915EB415795BDCB67 /* CDVFileTransfer.m */ = {isa = PBXFileReference; name = "CDVFileTransfer.m"; path = "cordova-plugin-file-transfer/CDVFileTransfer.m"; sourceTree = "<group>"; fileEncoding = 4; lastKnownFileType = sourcecode.c.objc; explicitFileType = undefined; includeInIndex = 0; };
		32D7889E517D4C5A8E61E727 /* CDVFileTransfer.h */ = {isa = PBXFileReference; name = "CDVFileTransfer.h"; path = "cordova-plugin-file-transfer/CDVFileTransfer.h"; sourceTree = "<group>"; fileEncoding = 4; lastKnownFileType = sourcecode.c.h; explicitFileType = undefined; includeInIndex = 0; };
		E14A5141C3EC464091242532 /* CDVLocation.m */ = {isa = PBXFileReference; name = "CDVLocation.m"; path = "cordova-plugin-geolocation/CDVLocation.m"; sourceTree = "<group>"; fileEncoding = 4; lastKnownFileType = sourcecode.c.objc; explicitFileType = undefined; includeInIndex = 0; };
		380FF2A5FD614A608D640738 /* CDVLocation.h */ = {isa = PBXFileReference; name = "CDVLocation.h"; path = "cordova-plugin-geolocation/CDVLocation.h"; sourceTree = "<group>"; fileEncoding = 4; lastKnownFileType = sourcecode.c.h; explicitFileType = undefined; includeInIndex = 0; };
		245C9072B1064845AB9D578F /* CDVGlobalization.m */ = {isa = PBXFileReference; name = "CDVGlobalization.m"; path = "cordova-plugin-globalization/CDVGlobalization.m"; sourceTree = "<group>"; fileEncoding = 4; lastKnownFileType = sourcecode.c.objc; explicitFileType = undefined; includeInIndex = 0; };
		5D8E50DD29534A87BAF0E49E /* CDVGlobalization.h */ = {isa = PBXFileReference; name = "CDVGlobalization.h"; path = "cordova-plugin-globalization/CDVGlobalization.h"; sourceTree = "<group>"; fileEncoding = 4; lastKnownFileType = sourcecode.c.h; explicitFileType = undefined; includeInIndex = 0; };
		A6977FC474524BD8901F052D /* CDVInAppBrowser.m */ = {isa = PBXFileReference; name = "CDVInAppBrowser.m"; path = "cordova-plugin-inappbrowser/CDVInAppBrowser.m"; sourceTree = "<group>"; fileEncoding = 4; lastKnownFileType = sourcecode.c.objc; explicitFileType = undefined; includeInIndex = 0; };
		FB4DECE4C2A74B818DA0737D /* CDVInAppBrowser.h */ = {isa = PBXFileReference; name = "CDVInAppBrowser.h"; path = "cordova-plugin-inappbrowser/CDVInAppBrowser.h"; sourceTree = "<group>"; fileEncoding = 4; lastKnownFileType = sourcecode.c.h; explicitFileType = undefined; includeInIndex = 0; };
		B897C7C0936143ADA1D6FC00 /* CDVSound.m */ = {isa = PBXFileReference; name = "CDVSound.m"; path = "cordova-plugin-media/CDVSound.m"; sourceTree = "<group>"; fileEncoding = 4; lastKnownFileType = sourcecode.c.objc; explicitFileType = undefined; includeInIndex = 0; };
		5EAFFF42612542C09CFF6041 /* CDVSound.h */ = {isa = PBXFileReference; name = "CDVSound.h"; path = "cordova-plugin-media/CDVSound.h"; sourceTree = "<group>"; fileEncoding = 4; lastKnownFileType = sourcecode.c.h; explicitFileType = undefined; includeInIndex = 0; };
		F7DAD6E6542145DA85DC92C8 /* CDVCapture.m */ = {isa = PBXFileReference; name = "CDVCapture.m"; path = "cordova-plugin-media-capture/CDVCapture.m"; sourceTree = "<group>"; fileEncoding = 4; lastKnownFileType = sourcecode.c.objc; explicitFileType = undefined; includeInIndex = 0; };
		8C60140EF1DD475FB88C776E /* CDVCapture.h */ = {isa = PBXFileReference; name = "CDVCapture.h"; path = "cordova-plugin-media-capture/CDVCapture.h"; sourceTree = "<group>"; fileEncoding = 4; lastKnownFileType = sourcecode.c.h; explicitFileType = undefined; includeInIndex = 0; };
		AC8FE3435CD643C2A907A957 /* CDVCapture.bundle */ = {isa = PBXFileReference; name = "CDVCapture.bundle"; path = "CDVCapture.bundle"; sourceTree = "<group>"; fileEncoding = undefined; lastKnownFileType = wrapper.plug-in; explicitFileType = undefined; includeInIndex = 0; };
		1D81C2C7C82341F4A1B72098 /* CDVConnection.m */ = {isa = PBXFileReference; name = "CDVConnection.m"; path = "cordova-plugin-network-information/CDVConnection.m"; sourceTree = "<group>"; fileEncoding = 4; lastKnownFileType = sourcecode.c.objc; explicitFileType = undefined; includeInIndex = 0; };
		118F656B0F64483B82E2A610 /* CDVReachability.m */ = {isa = PBXFileReference; name = "CDVReachability.m"; path = "cordova-plugin-network-information/CDVReachability.m"; sourceTree = "<group>"; fileEncoding = 4; lastKnownFileType = sourcecode.c.objc; explicitFileType = undefined; includeInIndex = 0; };
		B27932ED9921429CBD867C7C /* CDVConnection.h */ = {isa = PBXFileReference; name = "CDVConnection.h"; path = "cordova-plugin-network-information/CDVConnection.h"; sourceTree = "<group>"; fileEncoding = 4; lastKnownFileType = sourcecode.c.h; explicitFileType = undefined; includeInIndex = 0; };
		A3C135A6C2DC44E49232DEBF /* CDVReachability.h */ = {isa = PBXFileReference; name = "CDVReachability.h"; path = "cordova-plugin-network-information/CDVReachability.h"; sourceTree = "<group>"; fileEncoding = 4; lastKnownFileType = sourcecode.c.h; explicitFileType = undefined; includeInIndex = 0; };
		A2AB45BCAF804FC5B3238831 /* SystemConfiguration.framework */ = {isa = PBXFileReference; name = "SystemConfiguration.framework"; path = "System/Library/Frameworks/SystemConfiguration.framework"; sourceTree = SDKROOT; fileEncoding = undefined; lastKnownFileType = wrapper.framework; explicitFileType = undefined; includeInIndex = 0; };
		8D5FE2D38DA64179BD4CC081 /* CoreTelephony.framework */ = {isa = PBXFileReference; name = "CoreTelephony.framework"; path = "System/Library/Frameworks/CoreTelephony.framework"; sourceTree = SDKROOT; fileEncoding = undefined; lastKnownFileType = wrapper.framework; explicitFileType = undefined; includeInIndex = 0; };
		6B6EC562E194489CAB98D972 /* CDVSplashScreen.m */ = {isa = PBXFileReference; name = "CDVSplashScreen.m"; path = "cordova-plugin-splashscreen/CDVSplashScreen.m"; sourceTree = "<group>"; fileEncoding = 4; lastKnownFileType = sourcecode.c.objc; explicitFileType = undefined; includeInIndex = 0; };
		C8D8AE19963F417F8DA814BE /* CDVViewController+SplashScreen.m */ = {isa = PBXFileReference; name = "CDVViewController+SplashScreen.m"; path = "cordova-plugin-splashscreen/CDVViewController+SplashScreen.m"; sourceTree = "<group>"; fileEncoding = 4; lastKnownFileType = sourcecode.c.objc; explicitFileType = undefined; includeInIndex = 0; };
		3EE4DB3A90014424A58C5F87 /* CDVSplashScreen.h */ = {isa = PBXFileReference; name = "CDVSplashScreen.h"; path = "cordova-plugin-splashscreen/CDVSplashScreen.h"; sourceTree = "<group>"; fileEncoding = 4; lastKnownFileType = sourcecode.c.h; explicitFileType = undefined; includeInIndex = 0; };
		45DBEB829915441AABC9372B /* CDVViewController+SplashScreen.h */ = {isa = PBXFileReference; name = "CDVViewController+SplashScreen.h"; path = "cordova-plugin-splashscreen/CDVViewController+SplashScreen.h"; sourceTree = "<group>"; fileEncoding = 4; lastKnownFileType = sourcecode.c.h; explicitFileType = undefined; includeInIndex = 0; };
		531A9FC729684531BB595DE5 /* CDVStatusBar.m */ = {isa = PBXFileReference; name = "CDVStatusBar.m"; path = "cordova-plugin-statusbar/CDVStatusBar.m"; sourceTree = "<group>"; fileEncoding = 4; lastKnownFileType = sourcecode.c.objc; explicitFileType = undefined; includeInIndex = 0; };
		615D540ED8754F4498D35583 /* CDVStatusBar.h */ = {isa = PBXFileReference; name = "CDVStatusBar.h"; path = "cordova-plugin-statusbar/CDVStatusBar.h"; sourceTree = "<group>"; fileEncoding = 4; lastKnownFileType = sourcecode.c.h; explicitFileType = undefined; includeInIndex = 0; };
		93F862EC1C874CF6B3F52C79 /* CDVVibration.m */ = {isa = PBXFileReference; name = "CDVVibration.m"; path = "cordova-plugin-vibration/CDVVibration.m"; sourceTree = "<group>"; fileEncoding = 4; lastKnownFileType = sourcecode.c.objc; explicitFileType = undefined; includeInIndex = 0; };
		8F67782ED56A4ECEBBB48C96 /* CDVVibration.h */ = {isa = PBXFileReference; name = "CDVVibration.h"; path = "cordova-plugin-vibration/CDVVibration.h"; sourceTree = "<group>"; fileEncoding = 4; lastKnownFileType = sourcecode.c.h; explicitFileType = undefined; includeInIndex = 0; };
/* End PBXFileReference section */

/* Begin PBXFrameworksBuildPhase section */
		1D60588F0D05DD3D006BFB54 /* Frameworks */ = {
			isa = PBXFrameworksBuildPhase;
			buildActionMask = 2147483647;
			files = (
				301BF552109A68D80062928A /* libCordova.a in Frameworks */,
				A42641A2156F463CB3E2055D /* ImageIO.framework in Frameworks */,
				BE1DFBC4AA3D40C389746A73 /* CoreLocation.framework in Frameworks */,
				2FCAD9DB5ADB42CD82F4479D /* AVFoundation.framework in Frameworks */,
				1E0A95C99C094B708D0DAB89 /* AddressBook.framework in Frameworks */,
				49E2D78195994AF7BD89AD14 /* AddressBookUI.framework in Frameworks */,
				9220E25434834CB98D136F59 /* libz.tbd in Frameworks */,
				CA9FF4A1ECE749C7AB4CBEAE /* CoreMotion.framework in Frameworks */,
				1D8613BD3A2A469888B73F73 /* AudioToolbox.framework in Frameworks */,
				3665AD06E5AF41FFADD55A82 /* SystemConfiguration.framework in Frameworks */,
				338C739A225A4E7A9152D9FE /* CoreTelephony.framework in Frameworks */,
			);
			runOnlyForDeploymentPostprocessing = 0;
		};
/* End PBXFrameworksBuildPhase section */

/* Begin PBXGroup section */
		080E96DDFE201D6D7F000001 /* Classes */ = {
			isa = PBXGroup;
			children = (
				302D95EE14D2391D003F00A1 /* MainViewController.h */,
				302D95EF14D2391D003F00A1 /* MainViewController.m */,
				302D95F014D2391D003F00A1 /* MainViewController.xib */,
				1D3623240D0F684500981E51 /* AppDelegate.h */,
				1D3623250D0F684500981E51 /* AppDelegate.m */,
			);
			name = Classes;
			path = "BRestaurant/Classes";
			sourceTree = SOURCE_ROOT;
		};
		19C28FACFE9D520D11CA2CBB /* Products */ = {
			isa = PBXGroup;
			children = (
				1D6058910D05DD3D006BFB54 /* BRestaurant.app */,
			);
			name = Products;
			sourceTree = "<group>";
		};
		29B97314FDCFA39411CA2CEA /* CustomTemplate */ = {
			isa = PBXGroup;
			children = (
				EB87FDF41871DAF40020F90C /* config.xml */,
				EB87FDF31871DA8E0020F90C /* www */,
				EB87FDF11871DA420020F90C /* Staging */,
				301BF52D109A57CC0062928A /* CordovaLib.xcodeproj */,
				080E96DDFE201D6D7F000001 /* Classes */,
				307C750510C5A3420062BCA9 /* Plugins */,
				29B97315FDCFA39411CA2CEA /* Other Sources */,
				29B97317FDCFA39411CA2CEA /* Resources */,
				29B97323FDCFA39411CA2CEA /* Frameworks */,
				19C28FACFE9D520D11CA2CBB /* Products */,
			);
			name = CustomTemplate;
			sourceTree = "<group>";
		};
		29B97315FDCFA39411CA2CEA /* Other Sources */ = {
			isa = PBXGroup;
			children = (
				32CA4F630368D1EE00C91783 /* BRestaurant-Prefix.pch */,
				29B97316FDCFA39411CA2CEA /* main.m */,
				ED33DF2A687741AEAF9F8254 /* Bridging-Header.h */,
			);
			name = "Other Sources";
			path = "BRestaurant";
			sourceTree = "<group>";
		};
		29B97317FDCFA39411CA2CEA /* Resources */ = {
			isa = PBXGroup;
			children = (
				0207DA571B56EA530066E2B4 /* Images.xcassets */,
				3047A50E1AB8057F00498E2A /* config */,
				8D1107310486CEB800E47090 /* BRestaurant-Info.plist */,
				6AFF5BF81D6E424B00AB3073 /* CDVLaunchScreen.storyboard */,
				BAC16C1902014DC7A903344D /* CDVNotification.bundle */,
				AC8FE3435CD643C2A907A957 /* CDVCapture.bundle */,
			);
			name = Resources;
			path = "BRestaurant/Resources";
			sourceTree = "<group>";
		};
		29B97323FDCFA39411CA2CEA /* Frameworks */ = {
			isa = PBXGroup;
			children = (
				4DA06F05850F4E4C9B89C814 /* ImageIO.framework */,
				6DD60C170F5A4F80A02BC67B /* CoreLocation.framework */,
				BBA1D54C21EA4D2982AE2F3B /* AVFoundation.framework */,
				FE1E09989C124DB4B9194EBB /* AddressBook.framework */,
				F7038792EBE9447680AFCEB9 /* AddressBookUI.framework */,
				5B5DC4B9D3C44CD082A217B3 /* libz.tbd */,
				0CBE65D123124EAD8664CCF1 /* CoreMotion.framework */,
				60552FC0D9B342B6AE22E9F9 /* AudioToolbox.framework */,
				A2AB45BCAF804FC5B3238831 /* SystemConfiguration.framework */,
				8D5FE2D38DA64179BD4CC081 /* CoreTelephony.framework */,
			);
			name = Frameworks;
			sourceTree = "<group>";
		};
		301BF52E109A57CC0062928A /* Products */ = {
			isa = PBXGroup;
			children = (
				301BF535109A57CC0062928A /* libCordova.a */,
			);
			name = Products;
			sourceTree = "<group>";
		};
		3047A50E1AB8057F00498E2A /* config */ = {
			isa = PBXGroup;
			children = (
				3047A50F1AB8059700498E2A /* build-debug.xcconfig */,
				3047A5101AB8059700498E2A /* build-release.xcconfig */,
				3047A5111AB8059700498E2A /* build.xcconfig */,
			);
			name = config;
			sourceTree = "<group>";
		};
		307C750510C5A3420062BCA9 /* Plugins */ = {
			isa = PBXGroup;
			children = (
				376D1006AEE74611A430FEF1 /* CDVBattery.m */,
				82EF8EBBF05B49A3B1CDEF48 /* CDVBattery.h */,
				F70E2207A8504D119DB1F165 /* UIImage+CropScaleOrientation.m */,
				EE488250D540407FB37DD12B /* CDVCamera.m */,
				DA911C55141C4C259BB6C474 /* CDVJpegHeaderWriter.m */,
				9479CB075CB14CB48291FDCE /* UIImage+CropScaleOrientation.h */,
				E729D37C5E894051A552C900 /* CDVCamera.h */,
				A5C08594016A41989D793B73 /* CDVJpegHeaderWriter.h */,
				FC32F1D623744E3C9C915620 /* CDVExif.h */,
				B6A355D4383F4B11A5CCEB5F /* CDVLogger.m */,
				A3B9828585FE4BE38802D00C /* CDVLogger.h */,
				2416F28F50ED46718E834962 /* CDVContacts.m */,
				BFC539F548A14166995211A3 /* CDVContact.m */,
				D475A4AEB520402A85790071 /* CDVContacts.h */,
				5A81B146222A4CE2812EEF6F /* CDVContact.h */,
				5AC0DCF3F74F444DA72BF697 /* CDVDevice.m */,
				FF35257D4D2A49EF8C955D3F /* CDVDevice.h */,
				F1530A6527464B0A80B362E2 /* CDVAccelerometer.m */,
				CD75A592FFF64ED4873130EE /* CDVAccelerometer.h */,
				B4688AC234E54EF18B2FB330 /* CDVCompass.m */,
				360719D6E5994A878EE650AA /* CDVCompass.h */,
				7B214C59CF71481D9DDB7A52 /* CDVNotification.m */,
				A718B8EB49F34FDA9144702E /* CDVNotification.h */,
				55CD734F83B3486C837004FB /* CDVFile.m */,
				7AA7505C163D46CA85A6349C /* CDVLocalFilesystem.m */,
				35603FC0287141BAB2425561 /* CDVAssetLibraryFilesystem.m */,
				73CF691DA3A74DDCA955675A /* CDVFile.h */,
				0F5733D1A53D4BF0B943F473 /* CDVLocalFilesystem.h */,
				01678DC742D6402981147090 /* CDVAssetLibraryFilesystem.h */,
				912E761915EB415795BDCB67 /* CDVFileTransfer.m */,
				32D7889E517D4C5A8E61E727 /* CDVFileTransfer.h */,
				E14A5141C3EC464091242532 /* CDVLocation.m */,
				380FF2A5FD614A608D640738 /* CDVLocation.h */,
				245C9072B1064845AB9D578F /* CDVGlobalization.m */,
				5D8E50DD29534A87BAF0E49E /* CDVGlobalization.h */,
				A6977FC474524BD8901F052D /* CDVInAppBrowser.m */,
				FB4DECE4C2A74B818DA0737D /* CDVInAppBrowser.h */,
				B897C7C0936143ADA1D6FC00 /* CDVSound.m */,
				5EAFFF42612542C09CFF6041 /* CDVSound.h */,
				F7DAD6E6542145DA85DC92C8 /* CDVCapture.m */,
				8C60140EF1DD475FB88C776E /* CDVCapture.h */,
				1D81C2C7C82341F4A1B72098 /* CDVConnection.m */,
				118F656B0F64483B82E2A610 /* CDVReachability.m */,
				B27932ED9921429CBD867C7C /* CDVConnection.h */,
				A3C135A6C2DC44E49232DEBF /* CDVReachability.h */,
				6B6EC562E194489CAB98D972 /* CDVSplashScreen.m */,
				C8D8AE19963F417F8DA814BE /* CDVViewController+SplashScreen.m */,
				3EE4DB3A90014424A58C5F87 /* CDVSplashScreen.h */,
				45DBEB829915441AABC9372B /* CDVViewController+SplashScreen.h */,
				531A9FC729684531BB595DE5 /* CDVStatusBar.m */,
				615D540ED8754F4498D35583 /* CDVStatusBar.h */,
				93F862EC1C874CF6B3F52C79 /* CDVVibration.m */,
				8F67782ED56A4ECEBBB48C96 /* CDVVibration.h */,
			);
			name = Plugins;
			path = "BRestaurant/Plugins";
			sourceTree = SOURCE_ROOT;
		};
		EB87FDF11871DA420020F90C /* Staging */ = {
			isa = PBXGroup;
			children = (
				F840E1F0165FE0F500CFE078 /* config.xml */,
				301BF56E109A69640062928A /* www */,
			);
			name = Staging;
			sourceTree = "<group>";
		};
/* End PBXGroup section */

/* Begin PBXNativeTarget section */
		1D6058900D05DD3D006BFB54 /* BRestaurant */ = {
			isa = PBXNativeTarget;
			buildConfigurationList = 1D6058960D05DD3E006BFB54 /* Build configuration list for PBXNativeTarget "BRestaurant" */;
			buildPhases = (
				304B58A110DAC018002A0835 /* Copy www directory */,
				1D60588D0D05DD3D006BFB54 /* Resources */,
				1D60588E0D05DD3D006BFB54 /* Sources */,
				1D60588F0D05DD3D006BFB54 /* Frameworks */,
			);
			buildRules = (
			);
			dependencies = (
				301BF551109A68C00062928A /* PBXTargetDependency */,
			);
			name = "BRestaurant";
			productName = "BRestaurant";
			productReference = 1D6058910D05DD3D006BFB54 /* BRestaurant.app */;
			productType = "com.apple.product-type.application";
		};
/* End PBXNativeTarget section */

/* Begin PBXProject section */
		29B97313FDCFA39411CA2CEA /* Project object */ = {
			isa = PBXProject;
			attributes = {
				LastUpgradeCheck = 510;
			};
			buildConfigurationList = C01FCF4E08A954540054247B /* Build configuration list for PBXProject "__NON-CLI__" */;
			compatibilityVersion = "Xcode 3.2";
			developmentRegion = English;
			hasScannedForEncodings = 1;
			mainGroup = 29B97314FDCFA39411CA2CEA /* CustomTemplate */;
			projectDirPath = "";
			projectReferences = (
				{
					ProductGroup = 301BF52E109A57CC0062928A /* Products */;
					ProjectRef = 301BF52D109A57CC0062928A /* CordovaLib.xcodeproj */;
				},
			);
			projectRoot = "";
			targets = (
				1D6058900D05DD3D006BFB54 /* BRestaurant */,
			);
		};
/* End PBXProject section */

/* Begin PBXReferenceProxy section */
		301BF535109A57CC0062928A /* libCordova.a */ = {
			isa = PBXReferenceProxy;
			fileType = archive.ar;
			path = libCordova.a;
			remoteRef = 301BF534109A57CC0062928A /* PBXContainerItemProxy */;
			sourceTree = BUILT_PRODUCTS_DIR;
		};
/* End PBXReferenceProxy section */

/* Begin PBXResourcesBuildPhase section */
		1D60588D0D05DD3D006BFB54 /* Resources */ = {
			isa = PBXResourcesBuildPhase;
			buildActionMask = 2147483647;
			files = (
				302D95F214D2391D003F00A1 /* MainViewController.xib in Resources */,
				0207DA581B56EA530066E2B4 /* Images.xcassets in Resources */,
				6AFF5BF91D6E424B00AB3073 /* CDVLaunchScreen.storyboard in Resources */,
				CF2854E83B8D42449FCA5360 /* CDVNotification.bundle in Resources */,
				68E08CE38D1844B19108E0C9 /* CDVCapture.bundle in Resources */,
			);
			runOnlyForDeploymentPostprocessing = 0;
		};
/* End PBXResourcesBuildPhase section */

/* Begin PBXShellScriptBuildPhase section */
		304B58A110DAC018002A0835 /* Copy www directory */ = {
			isa = PBXShellScriptBuildPhase;
			buildActionMask = 2147483647;
			files = (
			);
			inputPaths = (
			);
			name = "Copy www directory";
			outputPaths = (
			);
			runOnlyForDeploymentPostprocessing = 0;
			shellPath = /bin/sh;
			shellScript = "NODEJS_PATH=/usr/local/bin; NVM_NODE_PATH=~/.nvm/versions/node/`nvm version 2>/dev/null`/bin; N_NODE_PATH=`find /usr/local/n/versions/node/* -maxdepth 0 -type d 2>/dev/null | tail -1`/bin; XCODE_NODE_PATH=`xcode-select --print-path`/usr/share/xcs/Node/bin; PATH=$NODEJS_PATH:$NVM_NODE_PATH:$N_NODE_PATH:$XCODE_NODE_PATH:$PATH && node cordova/lib/copy-www-build-step.js";
			showEnvVarsInLog = 0;
		};
/* End PBXShellScriptBuildPhase section */

/* Begin PBXSourcesBuildPhase section */
		1D60588E0D05DD3D006BFB54 /* Sources */ = {
			isa = PBXSourcesBuildPhase;
			buildActionMask = 2147483647;
			files = (
				1D60589B0D05DD56006BFB54 /* main.m in Sources */,
				1D3623260D0F684500981E51 /* AppDelegate.m in Sources */,
				302D95F114D2391D003F00A1 /* MainViewController.m in Sources */,
				6EC997D97C4E42958C7502E0 /* CDVBattery.m in Sources */,
				6B84ACF626924D6E878456A2 /* UIImage+CropScaleOrientation.m in Sources */,
				F7EBB72784C24200908C18FA /* CDVCamera.m in Sources */,
				D581B5CBC3774A549E6AA874 /* CDVJpegHeaderWriter.m in Sources */,
				B5DEEE08CAEE450AA3A54996 /* CDVLogger.m in Sources */,
				76FFF82B3D3E4775988B36E0 /* CDVContacts.m in Sources */,
				75D63D65F9FE48F69D906489 /* CDVContact.m in Sources */,
				46D8745052104CF6BC7A754B /* CDVDevice.m in Sources */,
				1A342CC9E0B34C4AAAD98AA8 /* CDVAccelerometer.m in Sources */,
				39FF84F4C7FC43C1AC896901 /* CDVCompass.m in Sources */,
				ED283226EEC643F3AE333BFA /* CDVNotification.m in Sources */,
				6F4911C2E95748349B7A5DC9 /* CDVFile.m in Sources */,
				AB7304AABC0F47D9828C5B24 /* CDVLocalFilesystem.m in Sources */,
				E8DD997D710C432CADF830E6 /* CDVAssetLibraryFilesystem.m in Sources */,
				76C3275DEA2746B6A0B901F6 /* CDVFileTransfer.m in Sources */,
				7CCCEEF05ED8404180A30018 /* CDVLocation.m in Sources */,
				95041E969F724F2A8700A921 /* CDVGlobalization.m in Sources */,
				3B62884152444177B9F84418 /* CDVInAppBrowser.m in Sources */,
				79D8599F8BA84E90922BF2D9 /* CDVSound.m in Sources */,
				7369033446904E828A6D0027 /* CDVCapture.m in Sources */,
				531C152D82DD440ABDE06B71 /* CDVConnection.m in Sources */,
				8094C5AE41EB4831AE169A51 /* CDVReachability.m in Sources */,
				F38D156A5FFB47439063F9D5 /* CDVSplashScreen.m in Sources */,
				224BEFA87EE741F485BCEA17 /* CDVViewController+SplashScreen.m in Sources */,
				2674050F574A4BA49B73FC24 /* CDVStatusBar.m in Sources */,
				9DABA62871544EF7893C3B06 /* CDVVibration.m in Sources */,
			);
			runOnlyForDeploymentPostprocessing = 0;
		};
/* End PBXSourcesBuildPhase section */

/* Begin PBXTargetDependency section */
		301BF551109A68C00062928A /* PBXTargetDependency */ = {
			isa = PBXTargetDependency;
			name = CordovaLib;
			targetProxy = 301BF550109A68C00062928A /* PBXContainerItemProxy */;
		};
/* End PBXTargetDependency section */

/* Begin XCBuildConfiguration section */
		1D6058940D05DD3E006BFB54 /* Debug */ = {
			isa = XCBuildConfiguration;
			baseConfigurationReference = 3047A50F1AB8059700498E2A /* build-debug.xcconfig */;
			buildSettings = {
				ALWAYS_SEARCH_USER_PATHS = NO;
				ASSETCATALOG_COMPILER_APPICON_NAME = AppIcon;
				ASSETCATALOG_COMPILER_LAUNCHIMAGE_NAME = LaunchImage;
				CLANG_ENABLE_MODULES = YES;
				CLANG_ENABLE_OBJC_ARC = YES;
				COPY_PHASE_STRIP = NO;
				GCC_DYNAMIC_NO_PIC = NO;
				GCC_OPTIMIZATION_LEVEL = 0;
				GCC_PRECOMPILE_PREFIX_HEADER = YES;
				GCC_PREFIX_HEADER = "BRestaurant/BRestaurant-Prefix.pch";
				GCC_THUMB_SUPPORT = NO;
				GCC_VERSION = "";
				INFOPLIST_FILE = "BRestaurant/BRestaurant-Info.plist";
				IPHONEOS_DEPLOYMENT_TARGET = 8.0;
				LD_RUNPATH_SEARCH_PATHS = "@executable_path/Frameworks";
				TARGETED_DEVICE_FAMILY = "1,2";
				PRODUCT_NAME = "BRestaurant";
			};
			name = Debug;
		};
		1D6058950D05DD3E006BFB54 /* Release */ = {
			isa = XCBuildConfiguration;
			baseConfigurationReference = 3047A5101AB8059700498E2A /* build-release.xcconfig */;
			buildSettings = {
				ALWAYS_SEARCH_USER_PATHS = NO;
				ASSETCATALOG_COMPILER_APPICON_NAME = AppIcon;
				ASSETCATALOG_COMPILER_LAUNCHIMAGE_NAME = LaunchImage;
				CLANG_ENABLE_MODULES = YES;
				CLANG_ENABLE_OBJC_ARC = YES;
				COPY_PHASE_STRIP = YES;
				GCC_PRECOMPILE_PREFIX_HEADER = YES;
				GCC_PREFIX_HEADER = "BRestaurant/BRestaurant-Prefix.pch";
				GCC_THUMB_SUPPORT = NO;
				GCC_VERSION = "";
				INFOPLIST_FILE = "BRestaurant/BRestaurant-Info.plist";
				IPHONEOS_DEPLOYMENT_TARGET = 8.0;
				LD_RUNPATH_SEARCH_PATHS = "@executable_path/Frameworks";
				TARGETED_DEVICE_FAMILY = "1,2";
				PRODUCT_NAME = "BRestaurant";
			};
			name = Release;
		};
		C01FCF4F08A954540054247B /* Debug */ = {
			isa = XCBuildConfiguration;
			baseConfigurationReference = 3047A5111AB8059700498E2A /* build.xcconfig */;
			buildSettings = {
				CLANG_ENABLE_MODULES = YES;
				CLANG_ENABLE_OBJC_ARC = YES;
				CLANG_WARN_BOOL_CONVERSION = YES;
				CLANG_WARN_CONSTANT_CONVERSION = YES;
				CLANG_WARN_EMPTY_BODY = YES;
				CLANG_WARN_ENUM_CONVERSION = YES;
				CLANG_WARN_INT_CONVERSION = YES;
				CLANG_WARN__DUPLICATE_METHOD_MATCH = YES;
				GCC_C_LANGUAGE_STANDARD = c99;
				GCC_THUMB_SUPPORT = NO;
				GCC_VERSION = "";
				GCC_WARN_ABOUT_RETURN_TYPE = YES;
				GCC_WARN_UNDECLARED_SELECTOR = YES;
				GCC_WARN_UNINITIALIZED_AUTOS = YES;
				GCC_WARN_UNUSED_FUNCTION = YES;
				GCC_WARN_UNUSED_VARIABLE = YES;
				ONLY_ACTIVE_ARCH = YES;
				SDKROOT = iphoneos;
				SKIP_INSTALL = NO;
				ASSETCATALOG_COMPILER_LAUNCHIMAGE_NAME = LaunchImage;
			};
			name = Debug;
		};
		C01FCF5008A954540054247B /* Release */ = {
			isa = XCBuildConfiguration;
			baseConfigurationReference = 3047A5111AB8059700498E2A /* build.xcconfig */;
			buildSettings = {
				CLANG_ENABLE_MODULES = YES;
				CLANG_ENABLE_OBJC_ARC = YES;
				CLANG_WARN_BOOL_CONVERSION = YES;
				CLANG_WARN_CONSTANT_CONVERSION = YES;
				CLANG_WARN_EMPTY_BODY = YES;
				CLANG_WARN_ENUM_CONVERSION = YES;
				CLANG_WARN_INT_CONVERSION = YES;
				CLANG_WARN__DUPLICATE_METHOD_MATCH = YES;
				GCC_C_LANGUAGE_STANDARD = c99;
				GCC_THUMB_SUPPORT = NO;
				GCC_VERSION = "";
				GCC_WARN_ABOUT_RETURN_TYPE = YES;
				GCC_WARN_UNDECLARED_SELECTOR = YES;
				GCC_WARN_UNINITIALIZED_AUTOS = YES;
				GCC_WARN_UNUSED_FUNCTION = YES;
				GCC_WARN_UNUSED_VARIABLE = YES;
				SDKROOT = iphoneos;
				SKIP_INSTALL = NO;
				ASSETCATALOG_COMPILER_LAUNCHIMAGE_NAME = LaunchImage;
			};
			name = Release;
		};
/* End XCBuildConfiguration section */

/* Begin XCConfigurationList section */
		1D6058960D05DD3E006BFB54 /* Build configuration list for PBXNativeTarget "BRestaurant" */ = {
			isa = XCConfigurationList;
			buildConfigurations = (
				1D6058940D05DD3E006BFB54 /* Debug */,
				1D6058950D05DD3E006BFB54 /* Release */,
			);
			defaultConfigurationIsVisible = 0;
			defaultConfigurationName = Release;
		};
		C01FCF4E08A954540054247B /* Build configuration list for PBXProject "__NON-CLI__" */ = {
			isa = XCConfigurationList;
			buildConfigurations = (
				C01FCF4F08A954540054247B /* Debug */,
				C01FCF5008A954540054247B /* Release */,
			);
			defaultConfigurationIsVisible = 0;
			defaultConfigurationName = Release;
		};
/* End XCConfigurationList section */
	};
	rootObject = 29B97313FDCFA39411CA2CEA /* Project object */;
}
